{
  "version": 4,
  "terraform_version": "1.10.5",
  "serial": 17,
  "lineage": "15a61db6-965e-9fa3-f2b3-8c1e15aab0db",
  "outputs": {
    "lambda_role_arn": {
      "value": "arn:aws:iam::376129864728:role/lambda_execution_role-1b",
      "type": "string"
    }
  },
  "resources": [
    {
      "mode": "data",
      "type": "aws_lambda_function",
      "name": "data_collector",
      "provider": "provider[\"registry.terraform.io/hashicorp/aws\"]",
      "instances": [
        {
          "schema_version": 0,
          "attributes": {
            "architectures": [
              "x86_64"
            ],
            "arn": "arn:aws:lambda:us-east-1:376129864728:function:PriyanshuKSharma-2-9d98bea",
            "code_sha256": "TuiVQsW7CtSHHxiXj+ukN4+dBPFOmP5VF0OiDMfWtVc=",
            "code_signing_config_arn": "",
            "dead_letter_config": [],
            "description": "",
            "environment": [],
            "ephemeral_storage": [
              {
                "size": 512
              }
            ],
            "file_system_config": [],
            "function_name": "PriyanshuKSharma-2-9d98bea",
            "handler": "addition.lambda_handler",
            "id": "PriyanshuKSharma-2-9d98bea",
            "image_uri": "",
            "invoke_arn": "arn:aws:apigateway:us-east-1:lambda:path/2015-03-31/functions/arn:aws:lambda:us-east-1:376129864728:function:PriyanshuKSharma-2-9d98bea/invocations",
            "kms_key_arn": "",
            "last_modified": "2025-02-03T13:24:32.000+0000",
            "layers": [],
            "logging_config": [
              {
                "application_log_level": "",
                "log_format": "Text",
                "log_group": "/aws/lambda/PriyanshuKSharma-2-9d98bea",
                "system_log_level": ""
              }
            ],
            "memory_size": 128,
            "qualified_arn": "arn:aws:lambda:us-east-1:376129864728:function:PriyanshuKSharma-2-9d98bea:$LATEST",
            "qualified_invoke_arn": "arn:aws:apigateway:us-east-1:lambda:path/2015-03-31/functions/arn:aws:lambda:us-east-1:376129864728:function:PriyanshuKSharma-2-9d98bea:$LATEST/invocations",
            "qualifier": null,
            "reserved_concurrent_executions": -1,
            "role": "arn:aws:iam::376129864728:role/lambdaRole-5157bab",
            "runtime": "python3.9",
            "signing_job_arn": "",
            "signing_profile_version_arn": "",
            "source_code_hash": "TuiVQsW7CtSHHxiXj+ukN4+dBPFOmP5VF0OiDMfWtVc=",
            "source_code_size": 376,
            "tags": {},
            "timeout": 3,
            "tracing_config": [
              {
                "mode": "PassThrough"
              }
            ],
            "version": "$LATEST",
            "vpc_config": []
          },
          "sensitive_attributes": []
        }
      ]
    },
    {
      "mode": "data",
      "type": "aws_lambda_function",
      "name": "threat_detector",
      "provider": "provider[\"registry.terraform.io/hashicorp/aws\"]",
      "instances": [
        {
          "schema_version": 0,
          "attributes": {
            "architectures": [
              "x86_64"
            ],
            "arn": "arn:aws:lambda:us-east-1:376129864728:function:additionLambda-3-ccfdbb5",
            "code_sha256": "b26WBo0ncEWpUAjCjAh9diy8Uwz1/j8fLdZ3TWQvElc=",
            "code_signing_config_arn": "",
            "dead_letter_config": [],
            "description": "",
            "environment": [],
            "ephemeral_storage": [
              {
                "size": 512
              }
            ],
            "file_system_config": [],
            "function_name": "additionLambda-3-ccfdbb5",
            "handler": "addition.lambda_handler",
            "id": "additionLambda-3-ccfdbb5",
            "image_uri": "",
            "invoke_arn": "arn:aws:apigateway:us-east-1:lambda:path/2015-03-31/functions/arn:aws:lambda:us-east-1:376129864728:function:additionLambda-3-ccfdbb5/invocations",
            "kms_key_arn": "",
            "last_modified": "2025-02-03T13:08:52.000+0000",
            "layers": [],
            "logging_config": [
              {
                "application_log_level": "",
                "log_format": "Text",
                "log_group": "/aws/lambda/additionLambda-3-ccfdbb5",
                "system_log_level": ""
              }
            ],
            "memory_size": 128,
            "qualified_arn": "arn:aws:lambda:us-east-1:376129864728:function:additionLambda-3-ccfdbb5:$LATEST",
            "qualified_invoke_arn": "arn:aws:apigateway:us-east-1:lambda:path/2015-03-31/functions/arn:aws:lambda:us-east-1:376129864728:function:additionLambda-3-ccfdbb5:$LATEST/invocations",
            "qualifier": null,
            "reserved_concurrent_executions": -1,
            "role": "arn:aws:iam::376129864728:role/lambdaRole-5157bab",
            "runtime": "python3.9",
            "signing_job_arn": "",
            "signing_profile_version_arn": "",
            "source_code_hash": "b26WBo0ncEWpUAjCjAh9diy8Uwz1/j8fLdZ3TWQvElc=",
            "source_code_size": 449,
            "tags": {},
            "timeout": 3,
            "tracing_config": [
              {
                "mode": "PassThrough"
              }
            ],
            "version": "$LATEST",
            "vpc_config": []
          },
          "sensitive_attributes": []
        }
      ]
    },
    {
      "mode": "managed",
      "type": "aws_iam_policy",
      "name": "lambda_logging_policy",
      "provider": "provider[\"registry.terraform.io/hashicorp/aws\"]",
      "instances": [
        {
          "schema_version": 0,
          "attributes": {
            "arn": "arn:aws:iam::376129864728:policy/lambda_logging_policy",
            "attachment_count": 1,
            "description": "Allows Lambda to log to CloudWatch",
            "id": "arn:aws:iam::376129864728:policy/lambda_logging_policy",
            "name": "lambda_logging_policy",
            "name_prefix": "",
            "path": "/",
            "policy": "{\"Statement\":[{\"Action\":[\"logs:CreateLogGroup\",\"logs:CreateLogStream\",\"logs:PutLogEvents\"],\"Effect\":\"Allow\",\"Resource\":\"arn:aws:logs:*:*:*\"}],\"Version\":\"2012-10-17\"}",
            "policy_id": "ANPAVPEYWIQMKOLZBILB4",
            "tags": {},
            "tags_all": {}
          },
          "sensitive_attributes": [],
          "private": "bnVsbA=="
        }
      ]
    },
    {
      "mode": "managed",
      "type": "aws_iam_policy",
      "name": "step_functions_execution_policy",
      "provider": "provider[\"registry.terraform.io/hashicorp/aws\"]",
      "instances": [
        {
          "schema_version": 0,
          "attributes": {
            "arn": "arn:aws:iam::376129864728:policy/step_functions_execution_policy",
            "attachment_count": 1,
            "description": "Allows Lambda to invoke Step Functions",
            "id": "arn:aws:iam::376129864728:policy/step_functions_execution_policy",
            "name": "step_functions_execution_policy",
            "name_prefix": "",
            "path": "/",
            "policy": "{\"Statement\":[{\"Action\":[\"states:StartExecution\",\"states:DescribeExecution\",\"states:StopExecution\"],\"Effect\":\"Allow\",\"Resource\":\"arn:aws:states:*:*:stateMachine:*\"}],\"Version\":\"2012-10-17\"}",
            "policy_id": "ANPAVPEYWIQMMPTPQTIW3",
            "tags": {},
            "tags_all": {}
          },
          "sensitive_attributes": [],
          "private": "bnVsbA=="
        }
      ]
    },
    {
      "mode": "managed",
      "type": "aws_iam_policy",
      "name": "xray_tracing_policy",
      "provider": "provider[\"registry.terraform.io/hashicorp/aws\"]",
      "instances": [
        {
          "schema_version": 0,
          "attributes": {
            "arn": "arn:aws:iam::376129864728:policy/xray_tracing_policy",
            "attachment_count": 1,
            "description": "Allows Lambda to send trace data to AWS X-Ray",
            "id": "arn:aws:iam::376129864728:policy/xray_tracing_policy",
            "name": "xray_tracing_policy",
            "name_prefix": "",
            "path": "/",
            "policy": "{\"Statement\":[{\"Action\":[\"xray:PutTraceSegments\",\"xray:PutTelemetryRecords\"],\"Effect\":\"Allow\",\"Resource\":\"*\"}],\"Version\":\"2012-10-17\"}",
            "policy_id": "ANPAVPEYWIQMA4E6HWCAO",
            "tags": {},
            "tags_all": {}
          },
          "sensitive_attributes": [],
          "private": "bnVsbA=="
        }
      ]
    },
    {
      "mode": "managed",
      "type": "aws_iam_role",
      "name": "lambda_role",
      "provider": "provider[\"registry.terraform.io/hashicorp/aws\"]",
      "instances": [
        {
          "schema_version": 0,
          "attributes": {
            "arn": "arn:aws:iam::376129864728:role/lambda_execution_role-1b",
            "assume_role_policy": "{\"Statement\":[{\"Action\":\"sts:AssumeRole\",\"Effect\":\"Allow\",\"Principal\":{\"Service\":[\"lambda.amazonaws.com\",\"states.amazonaws.com\"]}}],\"Version\":\"2012-10-17\"}",
            "create_date": "2025-03-11T18:02:14Z",
            "description": "",
            "force_detach_policies": false,
            "id": "lambda_execution_role-1b",
            "inline_policy": [],
            "managed_policy_arns": [
              "arn:aws:iam::376129864728:policy/lambda_logging_policy",
              "arn:aws:iam::376129864728:policy/step_functions_execution_policy",
              "arn:aws:iam::376129864728:policy/xray_tracing_policy"
            ],
            "max_session_duration": 3600,
            "name": "lambda_execution_role-1b",
            "name_prefix": "",
            "path": "/",
            "permissions_boundary": "",
            "tags": {
              "Environment": "Production",
              "ManagedBy": "Terraform",
              "Name": "LambdaExecutionRole"
            },
            "tags_all": {
              "Environment": "Production",
              "ManagedBy": "Terraform",
              "Name": "LambdaExecutionRole"
            },
            "unique_id": "AROAVPEYWIQMMYYMYZOLK"
          },
          "sensitive_attributes": [],
          "private": "bnVsbA=="
        }
      ]
    },
    {
      "mode": "managed",
      "type": "aws_iam_role_policy_attachment",
      "name": "lambda_logs_attachment",
      "provider": "provider[\"registry.terraform.io/hashicorp/aws\"]",
      "instances": [
        {
          "schema_version": 0,
          "attributes": {
            "id": "lambda_execution_role-1b-20250311180220886600000001",
            "policy_arn": "arn:aws:iam::376129864728:policy/lambda_logging_policy",
            "role": "lambda_execution_role-1b"
          },
          "sensitive_attributes": [],
          "private": "bnVsbA==",
          "dependencies": [
            "aws_iam_policy.lambda_logging_policy",
            "aws_iam_role.lambda_role"
          ]
        }
      ]
    },
    {
      "mode": "managed",
      "type": "aws_iam_role_policy_attachment",
      "name": "step_functions_execution_attachment",
      "provider": "provider[\"registry.terraform.io/hashicorp/aws\"]",
      "instances": [
        {
          "schema_version": 0,
          "attributes": {
            "id": "lambda_execution_role-1b-20250311180223478900000002",
            "policy_arn": "arn:aws:iam::376129864728:policy/step_functions_execution_policy",
            "role": "lambda_execution_role-1b"
          },
          "sensitive_attributes": [],
          "private": "bnVsbA==",
          "dependencies": [
            "aws_iam_policy.step_functions_execution_policy",
            "aws_iam_role.lambda_role"
          ]
        }
      ]
    },
    {
      "mode": "managed",
      "type": "aws_iam_role_policy_attachment",
      "name": "xray_tracing_attachment",
      "provider": "provider[\"registry.terraform.io/hashicorp/aws\"]",
      "instances": [
        {
          "schema_version": 0,
          "attributes": {
            "id": "lambda_execution_role-1b-20250311180224983000000003",
            "policy_arn": "arn:aws:iam::376129864728:policy/xray_tracing_policy",
            "role": "lambda_execution_role-1b"
          },
          "sensitive_attributes": [],
          "private": "bnVsbA==",
          "dependencies": [
            "aws_iam_policy.xray_tracing_policy",
            "aws_iam_role.lambda_role"
          ]
        }
      ]
    },
    {
      "mode": "managed",
      "type": "aws_lambda_function",
      "name": "data_collector",
      "provider": "provider[\"registry.terraform.io/hashicorp/aws\"]",
      "instances": [
        {
          "schema_version": 0,
          "attributes": {
            "architectures": [
              "x86_64"
            ],
            "arn": "arn:aws:lambda:us-east-1:376129864728:function:DataCollector",
            "code_sha256": "0ODYH5zRz55QFqa2LFblqJ7NL1hT+nsNarMaP+DpSKo=",
            "code_signing_config_arn": "",
            "dead_letter_config": [],
            "description": "",
            "environment": [],
            "ephemeral_storage": [
              {
                "size": 512
              }
            ],
            "file_system_config": [],
            "filename": "../data_collection/data_collector.zip",
            "function_name": "DataCollector",
            "handler": "data_collector.lambda_handler",
            "id": "DataCollector",
            "image_config": [],
            "image_uri": "",
            "invoke_arn": "arn:aws:apigateway:us-east-1:lambda:path/2015-03-31/functions/arn:aws:lambda:us-east-1:376129864728:function:DataCollector/invocations",
            "kms_key_arn": "",
            "last_modified": "2025-03-11T18:02:25.555+0000",
            "layers": [],
            "logging_config": [
              {
                "application_log_level": "",
                "log_format": "Text",
                "log_group": "/aws/lambda/DataCollector",
                "system_log_level": ""
              }
            ],
            "memory_size": 256,
            "package_type": "Zip",
            "publish": false,
            "qualified_arn": "arn:aws:lambda:us-east-1:376129864728:function:DataCollector:$LATEST",
            "qualified_invoke_arn": "arn:aws:apigateway:us-east-1:lambda:path/2015-03-31/functions/arn:aws:lambda:us-east-1:376129864728:function:DataCollector:$LATEST/invocations",
            "replace_security_groups_on_destroy": null,
            "replacement_security_group_ids": null,
            "reserved_concurrent_executions": -1,
            "role": "arn:aws:iam::376129864728:role/lambda_execution_role-1b",
            "runtime": "python3.10",
            "s3_bucket": null,
            "s3_key": null,
            "s3_object_version": null,
            "signing_job_arn": "",
            "signing_profile_version_arn": "",
            "skip_destroy": false,
            "snap_start": [],
            "source_code_hash": "",
            "source_code_size": 487,
            "tags": {},
            "tags_all": {},
            "timeout": 30,
            "timeouts": null,
            "tracing_config": [
              {
                "mode": "PassThrough"
              }
            ],
            "version": "$LATEST",
            "vpc_config": []
          },
          "sensitive_attributes": [],
          "private": "eyJlMmJmYjczMC1lY2FhLTExZTYtOGY4OC0zNDM2M2JjN2M0YzAiOnsiY3JlYXRlIjo2MDAwMDAwMDAwMDAsImRlbGV0ZSI6NjAwMDAwMDAwMDAwLCJ1cGRhdGUiOjYwMDAwMDAwMDAwMH19",
          "dependencies": [
            "aws_iam_role.lambda_role"
          ]
        }
      ]
    },
    {
      "mode": "managed",
      "type": "aws_lambda_function",
      "name": "threat_detector",
      "provider": "provider[\"registry.terraform.io/hashicorp/aws\"]",
      "instances": [
        {
          "schema_version": 0,
          "attributes": {
            "architectures": [
              "x86_64"
            ],
            "arn": "arn:aws:lambda:us-east-1:376129864728:function:ThreatDetector",
            "code_sha256": "XCeZjIXeMW1qx3xn6fML1pTegcpOFh1rIwtTBjKcJRA=",
            "code_signing_config_arn": "",
            "dead_letter_config": [],
            "description": "",
            "environment": [],
            "ephemeral_storage": [
              {
                "size": 512
              }
            ],
            "file_system_config": [],
            "filename": "../data_collection/threat_detector.zip",
            "function_name": "ThreatDetector",
            "handler": "threat_detector.lambda_handler",
            "id": "ThreatDetector",
            "image_config": [],
            "image_uri": "",
            "invoke_arn": "arn:aws:apigateway:us-east-1:lambda:path/2015-03-31/functions/arn:aws:lambda:us-east-1:376129864728:function:ThreatDetector/invocations",
            "kms_key_arn": "",
            "last_modified": "2025-03-11T18:02:41.672+0000",
            "layers": [],
            "logging_config": [
              {
                "application_log_level": "",
                "log_format": "Text",
                "log_group": "/aws/lambda/ThreatDetector",
                "system_log_level": ""
              }
            ],
            "memory_size": 256,
            "package_type": "Zip",
            "publish": false,
            "qualified_arn": "arn:aws:lambda:us-east-1:376129864728:function:ThreatDetector:$LATEST",
            "qualified_invoke_arn": "arn:aws:apigateway:us-east-1:lambda:path/2015-03-31/functions/arn:aws:lambda:us-east-1:376129864728:function:ThreatDetector:$LATEST/invocations",
            "replace_security_groups_on_destroy": null,
            "replacement_security_group_ids": null,
            "reserved_concurrent_executions": -1,
            "role": "arn:aws:iam::376129864728:role/lambda_execution_role-1b",
            "runtime": "python3.10",
            "s3_bucket": null,
            "s3_key": null,
            "s3_object_version": null,
            "signing_job_arn": "",
            "signing_profile_version_arn": "",
            "skip_destroy": false,
            "snap_start": [],
            "source_code_hash": "",
            "source_code_size": 403,
            "tags": {},
            "tags_all": {},
            "timeout": 30,
            "timeouts": null,
            "tracing_config": [
              {
                "mode": "PassThrough"
              }
            ],
            "version": "$LATEST",
            "vpc_config": []
          },
          "sensitive_attributes": [],
          "private": "eyJlMmJmYjczMC1lY2FhLTExZTYtOGY4OC0zNDM2M2JjN2M0YzAiOnsiY3JlYXRlIjo2MDAwMDAwMDAwMDAsImRlbGV0ZSI6NjAwMDAwMDAwMDAwLCJ1cGRhdGUiOjYwMDAwMDAwMDAwMH19",
          "dependencies": [
            "aws_iam_role.lambda_role"
          ]
        }
      ]
    },
    {
      "mode": "managed",
      "type": "aws_sfn_state_machine",
      "name": "incident_response_workflow",
      "provider": "provider[\"registry.terraform.io/hashicorp/aws\"]",
      "instances": [
        {
          "schema_version": 0,
          "attributes": {
            "arn": "arn:aws:states:us-east-1:376129864728:stateMachine:IncidentResponseWorkflow",
            "creation_date": "2025-03-11T18:02:28Z",
            "definition": "{\r\n    \"StartAt\": \"DataCollection\",\r\n    \"States\": {\r\n        \"DataCollection\": {\r\n            \"Type\": \"Task\",\r\n            \"Resource\": \"arn:aws:lambda:us-east-1:376129864728:function:PriyanshuKSharma-2-9d98bea\",\r\n            \"Next\": \"ThreatDetection\"\r\n        },\r\n        \"ThreatDetection\": {\r\n            \"Type\": \"Task\",\r\n            \"Resource\": \"arn:aws:lambda:us-east-1:376129864728:function:additionLambda-3-ccfdbb5\",\r\n            \"Next\": \"IncidentResponse\"\r\n        },\r\n        \"IncidentResponse\": {\r\n            \"Type\": \"Choice\",\r\n            \"Choices\": [\r\n                {\r\n                    \"Variable\": \"$.status\",\r\n                    \"StringEquals\": \"Threat Detected\",\r\n                    \"Next\": \"EndProcess\"\r\n                }\r\n            ],\r\n            \"Default\": \"DataCollection\"\r\n        },\r\n        \"EndProcess\": {\r\n            \"Type\": \"Pass\",\r\n            \"Result\": \"Process Completed Successfully\",\r\n            \"End\": true\r\n        }\r\n    }\r\n}",
            "description": "",
            "encryption_configuration": [
              {
                "kms_data_key_reuse_period_seconds": 0,
                "kms_key_id": "",
                "type": "AWS_OWNED_KEY"
              }
            ],
            "id": "arn:aws:states:us-east-1:376129864728:stateMachine:IncidentResponseWorkflow",
            "logging_configuration": [
              {
                "include_execution_data": false,
                "level": "OFF",
                "log_destination": ""
              }
            ],
            "name": "IncidentResponseWorkflow",
            "name_prefix": "",
            "publish": false,
            "revision_id": "",
            "role_arn": "arn:aws:iam::376129864728:role/lambda_execution_role-1b",
            "state_machine_version_arn": "",
            "status": "ACTIVE",
            "tags": {},
            "tags_all": {},
            "timeouts": null,
            "tracing_configuration": [
              {
                "enabled": false
              }
            ],
            "type": "STANDARD",
            "version_description": null
          },
          "sensitive_attributes": [],
          "private": "eyJlMmJmYjczMC1lY2FhLTExZTYtOGY4OC0zNDM2M2JjN2M0YzAiOnsiY3JlYXRlIjozMDAwMDAwMDAwMDAsImRlbGV0ZSI6MzAwMDAwMDAwMDAwLCJ1cGRhdGUiOjYwMDAwMDAwMDAwfX0=",
          "dependencies": [
            "aws_iam_role.lambda_role",
            "data.aws_lambda_function.data_collector",
            "data.aws_lambda_function.threat_detector"
          ]
        }
      ]
    }
  ],
  "check_results": null
}
